
Microsoft Visual Studio Solution File, Format Version 12.00
# Visual Studio Version 17
VisualStudioVersion = 17.4.33213.308
MinimumVisualStudioVersion = 10.0.40219.1
Project("{FAE04EC0-301F-11D3-BF4B-00C04F79EFBC}") = "CharacterRPG", "CharacterRPG\CharacterRPG.csproj", "{B9CD449E-FDC7-44BA-951A-DDCB4F502BF6}"
EndProject
Global
	GlobalSection(SolutionConfigurationPlatforms) = preSolution
		Debug|Any CPU = Debug|Any CPU
		Release|Any CPU = Release|Any CPU
	EndGlobalSection
	GlobalSection(ProjectConfigurationPlatforms) = postSolution
		{B9CD449E-FDC7-44BA-951A-DDCB4F502BF6}.Debug|Any CPU.ActiveCfg = Debug|Any CPU
		{B9CD449E-FDC7-44BA-951A-DDCB4F502BF6}.Debug|Any CPU.Build.0 = Debug|Any CPU
		{B9CD449E-FDC7-44BA-951A-DDCB4F502BF6}.Release|Any CPU.ActiveCfg = Release|Any CPU
		{B9CD449E-FDC7-44BA-951A-DDCB4F502BF6}.Release|Any CPU.Build.0 = Release|Any CPU
	EndGlobalSection
	GlobalSection(SolutionProperties) = preSolution
		HideSolutionNode = FALSE
	EndGlobalSection
	GlobalSection(ExtensibilityGlobals) = postSolution
		SolutionGuid = {F07162D5-F1AE-4D7C-B828-38804022578A}
	EndGlobalSection
EndGlobal
